{
  "requires": true,
  "lockfileVersion": 1,
  "dependencies": {
    "layui-src": {
      "version": "2.5.5",
      "resolved": "https://registry.npmjs.org/layui-src/-/layui-src-2.5.5.tgz",
      "integrity": "sha512-KFmVoXaHauba3UyTByM+IhyzyZTBD4ytl9Pq5uU0rYKICVSplyFIWU7+whW4lBOhXWxqNK6QGU1iWc1pG2njZw=="
    },
    "mdui": {
      "version": "0.4.3",
      "resolved": "https://registry.npmjs.org/mdui/-/mdui-0.4.3.tgz",
      "integrity": "sha512-WIeZh+ZzTJc+FT3jHfrPvmKMeC32KiIra67rNVsPugiN+scTdjSx+9P25z7yzmwFTYHenjYvy7/kWOZf9gzd4Q=="
    }
  }
}
